
Microsoft Visual Studio Solution File, Format Version 12.00
# Visual Studio Version 17
VisualStudioVersion = 17.11.35327.3
MinimumVisualStudioVersion = 10.0.40219.1
Project("{FAE04EC0-301F-11D3-BF4B-00C04F79EFBC}") = "FirstModeulExam", "FirstModeulExam.csproj", "{F4ADFDF3-77AA-4CE3-BAB4-9F79BB01C9B2}"
EndProject
Global
	GlobalSection(SolutionConfigurationPlatforms) = preSolution
		Debug|Any CPU = Debug|Any CPU
		Release|Any CPU = Release|Any CPU
	EndGlobalSection
	GlobalSection(ProjectConfigurationPlatforms) = postSolution
		{F4ADFDF3-77AA-4CE3-BAB4-9F79BB01C9B2}.Debug|Any CPU.ActiveCfg = Debug|Any CPU
		{F4ADFDF3-77AA-4CE3-BAB4-9F79BB01C9B2}.Debug|Any CPU.Build.0 = Debug|Any CPU
		{F4ADFDF3-77AA-4CE3-BAB4-9F79BB01C9B2}.Release|Any CPU.ActiveCfg = Release|Any CPU
		{F4ADFDF3-77AA-4CE3-BAB4-9F79BB01C9B2}.Release|Any CPU.Build.0 = Release|Any CPU
	EndGlobalSection
	GlobalSection(SolutionProperties) = preSolution
		HideSolutionNode = FALSE
	EndGlobalSection
	GlobalSection(ExtensibilityGlobals) = postSolution
		SolutionGuid = {A2B173C8-E2C7-4F5A-A355-C7C9D8211921}
	EndGlobalSection
EndGlobal
